
Microsoft Visual Studio Solution File, Format Version 12.00
# Visual Studio Version 16
VisualStudioVersion = 16.0.34114.132
MinimumVisualStudioVersion = 10.0.40219.1
Project("{8BC9CEB8-8B4A-11D0-8D11-00A0C91BC942}") = "AstarExercise", "AstarExercise\AstarExercise.vcxproj", "{47C58351-A17C-4EB9-BD46-5F62DAAF1BC3}"
EndProject
Project("{8BC9CEB8-8B4A-11D0-8D11-00A0C91BC942}") = "AstarUnitTest", "AstarUnitTest\AstarUnitTest.vcxproj", "{ACFD9C91-CAD6-44FB-BB0E-DF30992350DA}"
EndProject
Project("{8BC9CEB8-8B4A-11D0-8D11-00A0C91BC942}") = "DijkstraUnitTest", "DijkstraUnitTest\DijkstraUnitTest.vcxproj", "{87499D59-5447-4E6D-83C4-07E250E192E6}"
EndProject
Global
	GlobalSection(SolutionConfigurationPlatforms) = preSolution
		Debug|x64 = Debug|x64
		Debug|x86 = Debug|x86
		Release|x64 = Release|x64
		Release|x86 = Release|x86
	EndGlobalSection
	GlobalSection(ProjectConfigurationPlatforms) = postSolution
		{47C58351-A17C-4EB9-BD46-5F62DAAF1BC3}.Debug|x64.ActiveCfg = Debug|x64
		{47C58351-A17C-4EB9-BD46-5F62DAAF1BC3}.Debug|x64.Build.0 = Debug|x64
		{47C58351-A17C-4EB9-BD46-5F62DAAF1BC3}.Debug|x86.ActiveCfg = Debug|Win32
		{47C58351-A17C-4EB9-BD46-5F62DAAF1BC3}.Debug|x86.Build.0 = Debug|Win32
		{47C58351-A17C-4EB9-BD46-5F62DAAF1BC3}.Release|x64.ActiveCfg = Release|x64
		{47C58351-A17C-4EB9-BD46-5F62DAAF1BC3}.Release|x64.Build.0 = Release|x64
		{47C58351-A17C-4EB9-BD46-5F62DAAF1BC3}.Release|x86.ActiveCfg = Release|Win32
		{47C58351-A17C-4EB9-BD46-5F62DAAF1BC3}.Release|x86.Build.0 = Release|Win32
		{ACFD9C91-CAD6-44FB-BB0E-DF30992350DA}.Debug|x64.ActiveCfg = Debug|x64
		{ACFD9C91-CAD6-44FB-BB0E-DF30992350DA}.Debug|x64.Build.0 = Debug|x64
		{ACFD9C91-CAD6-44FB-BB0E-DF30992350DA}.Debug|x86.ActiveCfg = Debug|Win32
		{ACFD9C91-CAD6-44FB-BB0E-DF30992350DA}.Debug|x86.Build.0 = Debug|Win32
		{ACFD9C91-CAD6-44FB-BB0E-DF30992350DA}.Release|x64.ActiveCfg = Release|x64
		{ACFD9C91-CAD6-44FB-BB0E-DF30992350DA}.Release|x64.Build.0 = Release|x64
		{ACFD9C91-CAD6-44FB-BB0E-DF30992350DA}.Release|x86.ActiveCfg = Release|Win32
		{ACFD9C91-CAD6-44FB-BB0E-DF30992350DA}.Release|x86.Build.0 = Release|Win32
		{87499D59-5447-4E6D-83C4-07E250E192E6}.Debug|x64.ActiveCfg = Debug|x64
		{87499D59-5447-4E6D-83C4-07E250E192E6}.Debug|x64.Build.0 = Debug|x64
		{87499D59-5447-4E6D-83C4-07E250E192E6}.Debug|x86.ActiveCfg = Debug|Win32
		{87499D59-5447-4E6D-83C4-07E250E192E6}.Debug|x86.Build.0 = Debug|Win32
		{87499D59-5447-4E6D-83C4-07E250E192E6}.Release|x64.ActiveCfg = Release|x64
		{87499D59-5447-4E6D-83C4-07E250E192E6}.Release|x64.Build.0 = Release|x64
		{87499D59-5447-4E6D-83C4-07E250E192E6}.Release|x86.ActiveCfg = Release|Win32
		{87499D59-5447-4E6D-83C4-07E250E192E6}.Release|x86.Build.0 = Release|Win32
	EndGlobalSection
	GlobalSection(SolutionProperties) = preSolution
		HideSolutionNode = FALSE
	EndGlobalSection
	GlobalSection(ExtensibilityGlobals) = postSolution
		SolutionGuid = {C6152027-20DF-4710-8439-37A58692A8E9}
	EndGlobalSection
EndGlobal
