<?xml version="1.0" encoding="utf-8"?>
<Project ToolsVersion="4.0" xmlns="http://schemas.microsoft.com/developer/msbuild/2003">
  <ItemGroup>
    <Filter Include="Source Files">
      <UniqueIdentifier>{4FC737F1-C7A5-4376-A066-2A32D752A2FF}</UniqueIdentifier>
      <Extensions>cpp;c;cc;cxx;c++;cppm;ixx;def;odl;idl;hpj;bat;asm;asmx</Extensions>
    </Filter>
    <Filter Include="Header Files">
      <UniqueIdentifier>{93995380-89BD-4b04-88EB-625FBE52EBFB}</UniqueIdentifier>
      <Extensions>h;hh;hpp;hxx;h++;hm;inl;inc;ipp;xsd</Extensions>
    </Filter>
    <Filter Include="Header Files\Grids">
      <UniqueIdentifier>{49af655c-beba-4688-b220-3d5c5956ba5a}</UniqueIdentifier>
    </Filter>
    <Filter Include="Header Files\Painters">
      <UniqueIdentifier>{81b8465c-9048-46e4-89a5-7a1ce3ccc4a2}</UniqueIdentifier>
    </Filter>
    <Filter Include="Header Files\Algorithms">
      <UniqueIdentifier>{9649df5d-e3d5-4a00-bfe2-2ec297226968}</UniqueIdentifier>
    </Filter>
    <Filter Include="Header Files\Pathfinder">
      <UniqueIdentifier>{f2fc6a4d-961d-4205-ac50-6f466ac8cb09}</UniqueIdentifier>
    </Filter>
    <Filter Include="Resource Files">
      <UniqueIdentifier>{67DA6AB6-F800-4c08-8B7A-83BB121AAD01}</UniqueIdentifier>
      <Extensions>rc;ico;cur;bmp;dlg;rc2;rct;bin;rgs;gif;jpg;jpeg;jpe;resx;tiff;tif;png;wav;mfcribbon-ms</Extensions>
    </Filter>
  </ItemGroup>
  <ItemGroup>
    <ClCompile Include="main.cpp">
      <Filter>Source Files</Filter>
    </ClCompile>
  </ItemGroup>
  <ItemGroup>
    <ClInclude Include="Grids\SquareGrid.h">
      <Filter>Header Files\Grids</Filter>
    </ClInclude>
    <ClInclude Include="Grids\Hex.h">
      <Filter>Header Files\Grids</Filter>
    </ClInclude>
    <ClInclude Include="Grids\HexGrid.h">
      <Filter>Header Files\Grids</Filter>
    </ClInclude>
    <ClInclude Include="Grids\Square.h">
      <Filter>Header Files\Grids</Filter>
    </ClInclude>
    <ClInclude Include="Painters\SquarePainter.h">
      <Filter>Header Files\Painters</Filter>
    </ClInclude>
    <ClInclude Include="Painters\GridPainter.h">
      <Filter>Header Files\Painters</Filter>
    </ClInclude>
    <ClInclude Include="Painters\HexPainter.h">
      <Filter>Header Files\Painters</Filter>
    </ClInclude>
    <ClInclude Include="Pathfinder\Pathfinder.h">
      <Filter>Header Files\Pathfinder</Filter>
    </ClInclude>
    <ClInclude Include="Pathfinder\PathfindingUtilities.h">
      <Filter>Header Files\Pathfinder</Filter>
    </ClInclude>
    <ClInclude Include="json.hpp">
      <Filter>Header Files</Filter>
    </ClInclude>
    <ClInclude Include="LabelMenu.h">
      <Filter>Header Files</Filter>
    </ClInclude>
    <ClInclude Include="SaveOpenUtilities.h">
      <Filter>Header Files</Filter>
    </ClInclude>
    <ClInclude Include="Algoritms\Astar.h">
      <Filter>Header Files\Algorithms</Filter>
    </ClInclude>
    <ClInclude Include="Algoritms\BFS.h">
      <Filter>Header Files\Algorithms</Filter>
    </ClInclude>
    <ClInclude Include="Algoritms\DFS.h">
      <Filter>Header Files\Algorithms</Filter>
    </ClInclude>
    <ClInclude Include="Algoritms\Dijkstra.h">
      <Filter>Header Files\Algorithms</Filter>
    </ClInclude>
    <ClInclude Include="Grids\Graph.h">
      <Filter>Header Files\Grids</Filter>
    </ClInclude>
  </ItemGroup>
  <ItemGroup>
    <None Include="Resources\BasicMap.json">
      <Filter>Resource Files</Filter>
    </None>
    <None Include="Resources\BasicMapWeighted.json">
      <Filter>Resource Files</Filter>
    </None>
    <None Include="Resources\BasicSquareMap.json">
      <Filter>Resource Files</Filter>
    </None>
  </ItemGroup>
</Project>